
Microsoft Visual Studio Solution File, Format Version 12.00
# Visual Studio Version 17
VisualStudioVersion = 17.0.32112.339
MinimumVisualStudioVersion = 10.0.40219.1
Project("{FAE04EC0-301F-11D3-BF4B-00C04F79EFBC}") = "CriptografiaDeArquivos", "CriptografiaDeArquivos\CriptografiaDeArquivos.csproj", "{E7C404B5-5DCF-4E38-9E5B-CF8730EA61D4}"
EndProject
Global
	GlobalSection(SolutionConfigurationPlatforms) = preSolution
		Debug|Any CPU = Debug|Any CPU
		Release|Any CPU = Release|Any CPU
	EndGlobalSection
	GlobalSection(ProjectConfigurationPlatforms) = postSolution
		{E7C404B5-5DCF-4E38-9E5B-CF8730EA61D4}.Debug|Any CPU.ActiveCfg = Debug|Any CPU
		{E7C404B5-5DCF-4E38-9E5B-CF8730EA61D4}.Debug|Any CPU.Build.0 = Debug|Any CPU
		{E7C404B5-5DCF-4E38-9E5B-CF8730EA61D4}.Release|Any CPU.ActiveCfg = Release|Any CPU
		{E7C404B5-5DCF-4E38-9E5B-CF8730EA61D4}.Release|Any CPU.Build.0 = Release|Any CPU
	EndGlobalSection
	GlobalSection(SolutionProperties) = preSolution
		HideSolutionNode = FALSE
	EndGlobalSection
	GlobalSection(ExtensibilityGlobals) = postSolution
		SolutionGuid = {86014D9E-955C-4D88-87BC-708BF4222AED}
	EndGlobalSection
EndGlobal
