
Microsoft Visual Studio Solution File, Format Version 12.00
# Visual Studio Version 16
VisualStudioVersion = 16.0.31729.503
MinimumVisualStudioVersion = 10.0.40219.1
Project("{FAE04EC0-301F-11D3-BF4B-00C04F79EFBC}") = "Thread", "Thread\Thread.csproj", "{921ECB93-D48C-4C00-A959-53E6D897CC9E}"
EndProject
Project("{FAE04EC0-301F-11D3-BF4B-00C04F79EFBC}") = "ThreadForms", "ThreadForms\ThreadForms.csproj", "{7EE6E18E-43BD-4CDB-BB67-ACFF65611C34}"
EndProject
Global
	GlobalSection(SolutionConfigurationPlatforms) = preSolution
		Debug|Any CPU = Debug|Any CPU
		Release|Any CPU = Release|Any CPU
	EndGlobalSection
	GlobalSection(ProjectConfigurationPlatforms) = postSolution
		{921ECB93-D48C-4C00-A959-53E6D897CC9E}.Debug|Any CPU.ActiveCfg = Debug|Any CPU
		{921ECB93-D48C-4C00-A959-53E6D897CC9E}.Debug|Any CPU.Build.0 = Debug|Any CPU
		{921ECB93-D48C-4C00-A959-53E6D897CC9E}.Release|Any CPU.ActiveCfg = Release|Any CPU
		{921ECB93-D48C-4C00-A959-53E6D897CC9E}.Release|Any CPU.Build.0 = Release|Any CPU
		{7EE6E18E-43BD-4CDB-BB67-ACFF65611C34}.Debug|Any CPU.ActiveCfg = Debug|Any CPU
		{7EE6E18E-43BD-4CDB-BB67-ACFF65611C34}.Debug|Any CPU.Build.0 = Debug|Any CPU
		{7EE6E18E-43BD-4CDB-BB67-ACFF65611C34}.Release|Any CPU.ActiveCfg = Release|Any CPU
		{7EE6E18E-43BD-4CDB-BB67-ACFF65611C34}.Release|Any CPU.Build.0 = Release|Any CPU
	EndGlobalSection
	GlobalSection(SolutionProperties) = preSolution
		HideSolutionNode = FALSE
	EndGlobalSection
	GlobalSection(ExtensibilityGlobals) = postSolution
		SolutionGuid = {CD5C4572-F0D1-4256-948B-8305DEDC70C8}
	EndGlobalSection
EndGlobal
