
Microsoft Visual Studio Solution File, Format Version 12.00
# Visual Studio Version 16
VisualStudioVersion = 16.0.31729.503
MinimumVisualStudioVersion = 10.0.40219.1
Project("{FAE04EC0-301F-11D3-BF4B-00C04F79EFBC}") = "Tarefas", "Tarefas\Tarefas.csproj", "{54CACE6E-692C-4D93-B420-C8BDA2E07A08}"
EndProject
Global
	GlobalSection(SolutionConfigurationPlatforms) = preSolution
		Debug|Any CPU = Debug|Any CPU
		Release|Any CPU = Release|Any CPU
	EndGlobalSection
	GlobalSection(ProjectConfigurationPlatforms) = postSolution
		{54CACE6E-692C-4D93-B420-C8BDA2E07A08}.Debug|Any CPU.ActiveCfg = Debug|Any CPU
		{54CACE6E-692C-4D93-B420-C8BDA2E07A08}.Debug|Any CPU.Build.0 = Debug|Any CPU
		{54CACE6E-692C-4D93-B420-C8BDA2E07A08}.Release|Any CPU.ActiveCfg = Release|Any CPU
		{54CACE6E-692C-4D93-B420-C8BDA2E07A08}.Release|Any CPU.Build.0 = Release|Any CPU
	EndGlobalSection
	GlobalSection(SolutionProperties) = preSolution
		HideSolutionNode = FALSE
	EndGlobalSection
	GlobalSection(ExtensibilityGlobals) = postSolution
		SolutionGuid = {4343909E-C711-4812-89D5-84E63D1883EE}
	EndGlobalSection
EndGlobal
