
Microsoft Visual Studio Solution File, Format Version 12.00
# Visual Studio Version 17
VisualStudioVersion = 17.2.32602.215
MinimumVisualStudioVersion = 10.0.40219.1
Project("{FAE04EC0-301F-11D3-BF4B-00C04F79EFBC}") = "CapturarTeclas", "CapturarTeclas\CapturarTeclas.csproj", "{BFA484CF-681B-45AE-B7C3-BF20720F73F3}"
EndProject
Global
	GlobalSection(SolutionConfigurationPlatforms) = preSolution
		Debug|Any CPU = Debug|Any CPU
		Release|Any CPU = Release|Any CPU
	EndGlobalSection
	GlobalSection(ProjectConfigurationPlatforms) = postSolution
		{BFA484CF-681B-45AE-B7C3-BF20720F73F3}.Debug|Any CPU.ActiveCfg = Debug|Any CPU
		{BFA484CF-681B-45AE-B7C3-BF20720F73F3}.Debug|Any CPU.Build.0 = Debug|Any CPU
		{BFA484CF-681B-45AE-B7C3-BF20720F73F3}.Release|Any CPU.ActiveCfg = Release|Any CPU
		{BFA484CF-681B-45AE-B7C3-BF20720F73F3}.Release|Any CPU.Build.0 = Release|Any CPU
	EndGlobalSection
	GlobalSection(SolutionProperties) = preSolution
		HideSolutionNode = FALSE
	EndGlobalSection
	GlobalSection(ExtensibilityGlobals) = postSolution
		SolutionGuid = {83E8BABF-5074-43D2-9CCA-892B6D2AFF66}
	EndGlobalSection
EndGlobal
